
Microsoft Visual Studio Solution File, Format Version 12.00
# Visual Studio 15
VisualStudioVersion = 15.0.28010.2036
MinimumVisualStudioVersion = 10.0.40219.1
Project("{8BC9CEB8-8B4A-11D0-8D11-00A0C91BC942}") = "Q114", "Project1\Project1.vcxproj", "{B32B23D9-8A16-4A90-9F3E-E7FCA8CB785B}"
EndProject
Project("{8BC9CEB8-8B4A-11D0-8D11-00A0C91BC942}") = "Q115", "Q115\Q115.vcxproj", "{ACB53FB6-A114-4B69-90F1-6B4383AB5623}"
EndProject
Project("{8BC9CEB8-8B4A-11D0-8D11-00A0C91BC942}") = "Q120", "Q120\Q120.vcxproj", "{DCCBC6C2-5A27-45B7-9F02-4CEBC1234BA6}"
EndProject
Project("{8BC9CEB8-8B4A-11D0-8D11-00A0C91BC942}") = "Q122", "Q122\Q122.vcxproj", "{E9087094-1BE2-4E5D-8A14-488D34FBFB2A}"
EndProject
Project("{8BC9CEB8-8B4A-11D0-8D11-00A0C91BC942}") = "Q116", "Q116\Q116.vcxproj", "{9B55135A-7F27-4B23-A379-35C26D333137}"
EndProject
Project("{8BC9CEB8-8B4A-11D0-8D11-00A0C91BC942}") = "Q118", "Q188\Q188.vcxproj", "{610EA021-F526-4E83-B340-EBDF37525ED8}"
EndProject
Project("{8BC9CEB8-8B4A-11D0-8D11-00A0C91BC942}") = "Q121", "Q121\Q121.vcxproj", "{9658FB68-455D-480A-9AE9-D8DF05B62874}"
EndProject
Project("{8BC9CEB8-8B4A-11D0-8D11-00A0C91BC942}") = "Q123", "Q123\Q123.vcxproj", "{A77FACCB-183B-4962-B5E4-305CBC4A6959}"
EndProject
Project("{8BC9CEB8-8B4A-11D0-8D11-00A0C91BC942}") = "Q117", "Q117\Q117.vcxproj", "{9C292870-CE72-4796-ACF4-381C70FC45AF}"
EndProject
Project("{8BC9CEB8-8B4A-11D0-8D11-00A0C91BC942}") = "Q119", "Q119\Q119.vcxproj", "{049BA6DC-6A4A-4A07-B778-B391AA946D4E}"
EndProject
Global
	GlobalSection(SolutionConfigurationPlatforms) = preSolution
		Debug|x64 = Debug|x64
		Debug|x86 = Debug|x86
		Release|x64 = Release|x64
		Release|x86 = Release|x86
	EndGlobalSection
	GlobalSection(ProjectConfigurationPlatforms) = postSolution
		{B32B23D9-8A16-4A90-9F3E-E7FCA8CB785B}.Debug|x64.ActiveCfg = Debug|x64
		{B32B23D9-8A16-4A90-9F3E-E7FCA8CB785B}.Debug|x64.Build.0 = Debug|x64
		{B32B23D9-8A16-4A90-9F3E-E7FCA8CB785B}.Debug|x86.ActiveCfg = Debug|Win32
		{B32B23D9-8A16-4A90-9F3E-E7FCA8CB785B}.Debug|x86.Build.0 = Debug|Win32
		{B32B23D9-8A16-4A90-9F3E-E7FCA8CB785B}.Release|x64.ActiveCfg = Release|x64
		{B32B23D9-8A16-4A90-9F3E-E7FCA8CB785B}.Release|x64.Build.0 = Release|x64
		{B32B23D9-8A16-4A90-9F3E-E7FCA8CB785B}.Release|x86.ActiveCfg = Release|Win32
		{B32B23D9-8A16-4A90-9F3E-E7FCA8CB785B}.Release|x86.Build.0 = Release|Win32
		{ACB53FB6-A114-4B69-90F1-6B4383AB5623}.Debug|x64.ActiveCfg = Debug|x64
		{ACB53FB6-A114-4B69-90F1-6B4383AB5623}.Debug|x64.Build.0 = Debug|x64
		{ACB53FB6-A114-4B69-90F1-6B4383AB5623}.Debug|x86.ActiveCfg = Debug|Win32
		{ACB53FB6-A114-4B69-90F1-6B4383AB5623}.Debug|x86.Build.0 = Debug|Win32
		{ACB53FB6-A114-4B69-90F1-6B4383AB5623}.Release|x64.ActiveCfg = Release|x64
		{ACB53FB6-A114-4B69-90F1-6B4383AB5623}.Release|x64.Build.0 = Release|x64
		{ACB53FB6-A114-4B69-90F1-6B4383AB5623}.Release|x86.ActiveCfg = Release|Win32
		{ACB53FB6-A114-4B69-90F1-6B4383AB5623}.Release|x86.Build.0 = Release|Win32
		{DCCBC6C2-5A27-45B7-9F02-4CEBC1234BA6}.Debug|x64.ActiveCfg = Debug|x64
		{DCCBC6C2-5A27-45B7-9F02-4CEBC1234BA6}.Debug|x64.Build.0 = Debug|x64
		{DCCBC6C2-5A27-45B7-9F02-4CEBC1234BA6}.Debug|x86.ActiveCfg = Debug|Win32
		{DCCBC6C2-5A27-45B7-9F02-4CEBC1234BA6}.Debug|x86.Build.0 = Debug|Win32
		{DCCBC6C2-5A27-45B7-9F02-4CEBC1234BA6}.Release|x64.ActiveCfg = Release|x64
		{DCCBC6C2-5A27-45B7-9F02-4CEBC1234BA6}.Release|x64.Build.0 = Release|x64
		{DCCBC6C2-5A27-45B7-9F02-4CEBC1234BA6}.Release|x86.ActiveCfg = Release|Win32
		{DCCBC6C2-5A27-45B7-9F02-4CEBC1234BA6}.Release|x86.Build.0 = Release|Win32
		{E9087094-1BE2-4E5D-8A14-488D34FBFB2A}.Debug|x64.ActiveCfg = Debug|x64
		{E9087094-1BE2-4E5D-8A14-488D34FBFB2A}.Debug|x64.Build.0 = Debug|x64
		{E9087094-1BE2-4E5D-8A14-488D34FBFB2A}.Debug|x86.ActiveCfg = Debug|Win32
		{E9087094-1BE2-4E5D-8A14-488D34FBFB2A}.Debug|x86.Build.0 = Debug|Win32
		{E9087094-1BE2-4E5D-8A14-488D34FBFB2A}.Release|x64.ActiveCfg = Release|x64
		{E9087094-1BE2-4E5D-8A14-488D34FBFB2A}.Release|x64.Build.0 = Release|x64
		{E9087094-1BE2-4E5D-8A14-488D34FBFB2A}.Release|x86.ActiveCfg = Release|Win32
		{E9087094-1BE2-4E5D-8A14-488D34FBFB2A}.Release|x86.Build.0 = Release|Win32
		{9B55135A-7F27-4B23-A379-35C26D333137}.Debug|x64.ActiveCfg = Debug|x64
		{9B55135A-7F27-4B23-A379-35C26D333137}.Debug|x64.Build.0 = Debug|x64
		{9B55135A-7F27-4B23-A379-35C26D333137}.Debug|x86.ActiveCfg = Debug|Win32
		{9B55135A-7F27-4B23-A379-35C26D333137}.Debug|x86.Build.0 = Debug|Win32
		{9B55135A-7F27-4B23-A379-35C26D333137}.Release|x64.ActiveCfg = Release|x64
		{9B55135A-7F27-4B23-A379-35C26D333137}.Release|x64.Build.0 = Release|x64
		{9B55135A-7F27-4B23-A379-35C26D333137}.Release|x86.ActiveCfg = Release|Win32
		{9B55135A-7F27-4B23-A379-35C26D333137}.Release|x86.Build.0 = Release|Win32
		{610EA021-F526-4E83-B340-EBDF37525ED8}.Debug|x64.ActiveCfg = Debug|x64
		{610EA021-F526-4E83-B340-EBDF37525ED8}.Debug|x64.Build.0 = Debug|x64
		{610EA021-F526-4E83-B340-EBDF37525ED8}.Debug|x86.ActiveCfg = Debug|Win32
		{610EA021-F526-4E83-B340-EBDF37525ED8}.Debug|x86.Build.0 = Debug|Win32
		{610EA021-F526-4E83-B340-EBDF37525ED8}.Release|x64.ActiveCfg = Release|x64
		{610EA021-F526-4E83-B340-EBDF37525ED8}.Release|x64.Build.0 = Release|x64
		{610EA021-F526-4E83-B340-EBDF37525ED8}.Release|x86.ActiveCfg = Release|Win32
		{610EA021-F526-4E83-B340-EBDF37525ED8}.Release|x86.Build.0 = Release|Win32
		{9658FB68-455D-480A-9AE9-D8DF05B62874}.Debug|x64.ActiveCfg = Debug|x64
		{9658FB68-455D-480A-9AE9-D8DF05B62874}.Debug|x64.Build.0 = Debug|x64
		{9658FB68-455D-480A-9AE9-D8DF05B62874}.Debug|x86.ActiveCfg = Debug|Win32
		{9658FB68-455D-480A-9AE9-D8DF05B62874}.Debug|x86.Build.0 = Debug|Win32
		{9658FB68-455D-480A-9AE9-D8DF05B62874}.Release|x64.ActiveCfg = Release|x64
		{9658FB68-455D-480A-9AE9-D8DF05B62874}.Release|x64.Build.0 = Release|x64
		{9658FB68-455D-480A-9AE9-D8DF05B62874}.Release|x86.ActiveCfg = Release|Win32
		{9658FB68-455D-480A-9AE9-D8DF05B62874}.Release|x86.Build.0 = Release|Win32
		{A77FACCB-183B-4962-B5E4-305CBC4A6959}.Debug|x64.ActiveCfg = Debug|x64
		{A77FACCB-183B-4962-B5E4-305CBC4A6959}.Debug|x64.Build.0 = Debug|x64
		{A77FACCB-183B-4962-B5E4-305CBC4A6959}.Debug|x86.ActiveCfg = Debug|Win32
		{A77FACCB-183B-4962-B5E4-305CBC4A6959}.Debug|x86.Build.0 = Debug|Win32
		{A77FACCB-183B-4962-B5E4-305CBC4A6959}.Release|x64.ActiveCfg = Release|x64
		{A77FACCB-183B-4962-B5E4-305CBC4A6959}.Release|x64.Build.0 = Release|x64
		{A77FACCB-183B-4962-B5E4-305CBC4A6959}.Release|x86.ActiveCfg = Release|Win32
		{A77FACCB-183B-4962-B5E4-305CBC4A6959}.Release|x86.Build.0 = Release|Win32
		{9C292870-CE72-4796-ACF4-381C70FC45AF}.Debug|x64.ActiveCfg = Debug|x64
		{9C292870-CE72-4796-ACF4-381C70FC45AF}.Debug|x64.Build.0 = Debug|x64
		{9C292870-CE72-4796-ACF4-381C70FC45AF}.Debug|x86.ActiveCfg = Debug|Win32
		{9C292870-CE72-4796-ACF4-381C70FC45AF}.Debug|x86.Build.0 = Debug|Win32
		{9C292870-CE72-4796-ACF4-381C70FC45AF}.Release|x64.ActiveCfg = Release|x64
		{9C292870-CE72-4796-ACF4-381C70FC45AF}.Release|x64.Build.0 = Release|x64
		{9C292870-CE72-4796-ACF4-381C70FC45AF}.Release|x86.ActiveCfg = Release|Win32
		{9C292870-CE72-4796-ACF4-381C70FC45AF}.Release|x86.Build.0 = Release|Win32
		{049BA6DC-6A4A-4A07-B778-B391AA946D4E}.Debug|x64.ActiveCfg = Debug|x64
		{049BA6DC-6A4A-4A07-B778-B391AA946D4E}.Debug|x64.Build.0 = Debug|x64
		{049BA6DC-6A4A-4A07-B778-B391AA946D4E}.Debug|x86.ActiveCfg = Debug|Win32
		{049BA6DC-6A4A-4A07-B778-B391AA946D4E}.Debug|x86.Build.0 = Debug|Win32
		{049BA6DC-6A4A-4A07-B778-B391AA946D4E}.Release|x64.ActiveCfg = Release|x64
		{049BA6DC-6A4A-4A07-B778-B391AA946D4E}.Release|x64.Build.0 = Release|x64
		{049BA6DC-6A4A-4A07-B778-B391AA946D4E}.Release|x86.ActiveCfg = Release|Win32
		{049BA6DC-6A4A-4A07-B778-B391AA946D4E}.Release|x86.Build.0 = Release|Win32
	EndGlobalSection
	GlobalSection(SolutionProperties) = preSolution
		HideSolutionNode = FALSE
	EndGlobalSection
	GlobalSection(ExtensibilityGlobals) = postSolution
		SolutionGuid = {24F4885C-1D44-4770-9EC6-E046693C7634}
	EndGlobalSection
EndGlobal
