
Microsoft Visual Studio Solution File, Format Version 12.00
# Visual Studio 15
VisualStudioVersion = 15.0.28010.2036
MinimumVisualStudioVersion = 10.0.40219.1
Project("{8BC9CEB8-8B4A-11D0-8D11-00A0C91BC942}") = "Q113", "Project1\Project1.vcxproj", "{A3A22E34-A292-45A7-8559-EA54FD0044E0}"
EndProject
Project("{8BC9CEB8-8B4A-11D0-8D11-00A0C91BC942}") = "Q112", "Q112\Q112.vcxproj", "{AFCFD883-DAA0-46ED-9C3A-BECDE9D4D754}"
EndProject
Project("{8BC9CEB8-8B4A-11D0-8D11-00A0C91BC942}") = "Q111", "Q111\Q111.vcxproj", "{587E0EFB-9542-4A74-B890-7D369B99833C}"
EndProject
Project("{8BC9CEB8-8B4A-11D0-8D11-00A0C91BC942}") = "Q109", "Q109\Q109.vcxproj", "{8634193C-1861-481F-88E5-2B72DF1A5334}"
EndProject
Project("{8BC9CEB8-8B4A-11D0-8D11-00A0C91BC942}") = "Q108", "Q108\Q108.vcxproj", "{22BFAFA0-F598-4E4C-83A0-E9D26D22D969}"
EndProject
Project("{8BC9CEB8-8B4A-11D0-8D11-00A0C91BC942}") = "Q105", "Q105\Q105.vcxproj", "{CDD475FC-0A6E-44E3-BF43-D2353C788F52}"
EndProject
Project("{8BC9CEB8-8B4A-11D0-8D11-00A0C91BC942}") = "Q104", "Q104\Q104.vcxproj", "{D37B62D5-AFAE-4A46-9A7A-19676C458110}"
EndProject
Project("{8BC9CEB8-8B4A-11D0-8D11-00A0C91BC942}") = "Q110", "Q110\Q110.vcxproj", "{35ABDF2A-41FE-402A-8169-2CF9A119654B}"
EndProject
Project("{8BC9CEB8-8B4A-11D0-8D11-00A0C91BC942}") = "Q107", "Q107\Q107.vcxproj", "{9FE20573-D81C-4D14-AAA3-2B54BE122BA5}"
EndProject
Project("{8BC9CEB8-8B4A-11D0-8D11-00A0C91BC942}") = "Q106", "Q106\Q106.vcxproj", "{933C058D-08DD-47E3-95FC-4944A7B15838}"
EndProject
Global
	GlobalSection(SolutionConfigurationPlatforms) = preSolution
		Debug|x64 = Debug|x64
		Debug|x86 = Debug|x86
		Release|x64 = Release|x64
		Release|x86 = Release|x86
	EndGlobalSection
	GlobalSection(ProjectConfigurationPlatforms) = postSolution
		{A3A22E34-A292-45A7-8559-EA54FD0044E0}.Debug|x64.ActiveCfg = Debug|x64
		{A3A22E34-A292-45A7-8559-EA54FD0044E0}.Debug|x64.Build.0 = Debug|x64
		{A3A22E34-A292-45A7-8559-EA54FD0044E0}.Debug|x86.ActiveCfg = Debug|Win32
		{A3A22E34-A292-45A7-8559-EA54FD0044E0}.Debug|x86.Build.0 = Debug|Win32
		{A3A22E34-A292-45A7-8559-EA54FD0044E0}.Release|x64.ActiveCfg = Release|x64
		{A3A22E34-A292-45A7-8559-EA54FD0044E0}.Release|x64.Build.0 = Release|x64
		{A3A22E34-A292-45A7-8559-EA54FD0044E0}.Release|x86.ActiveCfg = Release|Win32
		{A3A22E34-A292-45A7-8559-EA54FD0044E0}.Release|x86.Build.0 = Release|Win32
		{AFCFD883-DAA0-46ED-9C3A-BECDE9D4D754}.Debug|x64.ActiveCfg = Debug|x64
		{AFCFD883-DAA0-46ED-9C3A-BECDE9D4D754}.Debug|x64.Build.0 = Debug|x64
		{AFCFD883-DAA0-46ED-9C3A-BECDE9D4D754}.Debug|x86.ActiveCfg = Debug|Win32
		{AFCFD883-DAA0-46ED-9C3A-BECDE9D4D754}.Debug|x86.Build.0 = Debug|Win32
		{AFCFD883-DAA0-46ED-9C3A-BECDE9D4D754}.Release|x64.ActiveCfg = Release|x64
		{AFCFD883-DAA0-46ED-9C3A-BECDE9D4D754}.Release|x64.Build.0 = Release|x64
		{AFCFD883-DAA0-46ED-9C3A-BECDE9D4D754}.Release|x86.ActiveCfg = Release|Win32
		{AFCFD883-DAA0-46ED-9C3A-BECDE9D4D754}.Release|x86.Build.0 = Release|Win32
		{587E0EFB-9542-4A74-B890-7D369B99833C}.Debug|x64.ActiveCfg = Debug|x64
		{587E0EFB-9542-4A74-B890-7D369B99833C}.Debug|x64.Build.0 = Debug|x64
		{587E0EFB-9542-4A74-B890-7D369B99833C}.Debug|x86.ActiveCfg = Debug|Win32
		{587E0EFB-9542-4A74-B890-7D369B99833C}.Debug|x86.Build.0 = Debug|Win32
		{587E0EFB-9542-4A74-B890-7D369B99833C}.Release|x64.ActiveCfg = Release|x64
		{587E0EFB-9542-4A74-B890-7D369B99833C}.Release|x64.Build.0 = Release|x64
		{587E0EFB-9542-4A74-B890-7D369B99833C}.Release|x86.ActiveCfg = Release|Win32
		{587E0EFB-9542-4A74-B890-7D369B99833C}.Release|x86.Build.0 = Release|Win32
		{8634193C-1861-481F-88E5-2B72DF1A5334}.Debug|x64.ActiveCfg = Debug|x64
		{8634193C-1861-481F-88E5-2B72DF1A5334}.Debug|x64.Build.0 = Debug|x64
		{8634193C-1861-481F-88E5-2B72DF1A5334}.Debug|x86.ActiveCfg = Debug|Win32
		{8634193C-1861-481F-88E5-2B72DF1A5334}.Debug|x86.Build.0 = Debug|Win32
		{8634193C-1861-481F-88E5-2B72DF1A5334}.Release|x64.ActiveCfg = Release|x64
		{8634193C-1861-481F-88E5-2B72DF1A5334}.Release|x64.Build.0 = Release|x64
		{8634193C-1861-481F-88E5-2B72DF1A5334}.Release|x86.ActiveCfg = Release|Win32
		{8634193C-1861-481F-88E5-2B72DF1A5334}.Release|x86.Build.0 = Release|Win32
		{22BFAFA0-F598-4E4C-83A0-E9D26D22D969}.Debug|x64.ActiveCfg = Debug|x64
		{22BFAFA0-F598-4E4C-83A0-E9D26D22D969}.Debug|x64.Build.0 = Debug|x64
		{22BFAFA0-F598-4E4C-83A0-E9D26D22D969}.Debug|x86.ActiveCfg = Debug|Win32
		{22BFAFA0-F598-4E4C-83A0-E9D26D22D969}.Debug|x86.Build.0 = Debug|Win32
		{22BFAFA0-F598-4E4C-83A0-E9D26D22D969}.Release|x64.ActiveCfg = Release|x64
		{22BFAFA0-F598-4E4C-83A0-E9D26D22D969}.Release|x64.Build.0 = Release|x64
		{22BFAFA0-F598-4E4C-83A0-E9D26D22D969}.Release|x86.ActiveCfg = Release|Win32
		{22BFAFA0-F598-4E4C-83A0-E9D26D22D969}.Release|x86.Build.0 = Release|Win32
		{CDD475FC-0A6E-44E3-BF43-D2353C788F52}.Debug|x64.ActiveCfg = Debug|x64
		{CDD475FC-0A6E-44E3-BF43-D2353C788F52}.Debug|x64.Build.0 = Debug|x64
		{CDD475FC-0A6E-44E3-BF43-D2353C788F52}.Debug|x86.ActiveCfg = Debug|Win32
		{CDD475FC-0A6E-44E3-BF43-D2353C788F52}.Debug|x86.Build.0 = Debug|Win32
		{CDD475FC-0A6E-44E3-BF43-D2353C788F52}.Release|x64.ActiveCfg = Release|x64
		{CDD475FC-0A6E-44E3-BF43-D2353C788F52}.Release|x64.Build.0 = Release|x64
		{CDD475FC-0A6E-44E3-BF43-D2353C788F52}.Release|x86.ActiveCfg = Release|Win32
		{CDD475FC-0A6E-44E3-BF43-D2353C788F52}.Release|x86.Build.0 = Release|Win32
		{D37B62D5-AFAE-4A46-9A7A-19676C458110}.Debug|x64.ActiveCfg = Debug|x64
		{D37B62D5-AFAE-4A46-9A7A-19676C458110}.Debug|x64.Build.0 = Debug|x64
		{D37B62D5-AFAE-4A46-9A7A-19676C458110}.Debug|x86.ActiveCfg = Debug|Win32
		{D37B62D5-AFAE-4A46-9A7A-19676C458110}.Debug|x86.Build.0 = Debug|Win32
		{D37B62D5-AFAE-4A46-9A7A-19676C458110}.Release|x64.ActiveCfg = Release|x64
		{D37B62D5-AFAE-4A46-9A7A-19676C458110}.Release|x64.Build.0 = Release|x64
		{D37B62D5-AFAE-4A46-9A7A-19676C458110}.Release|x86.ActiveCfg = Release|Win32
		{D37B62D5-AFAE-4A46-9A7A-19676C458110}.Release|x86.Build.0 = Release|Win32
		{35ABDF2A-41FE-402A-8169-2CF9A119654B}.Debug|x64.ActiveCfg = Debug|x64
		{35ABDF2A-41FE-402A-8169-2CF9A119654B}.Debug|x64.Build.0 = Debug|x64
		{35ABDF2A-41FE-402A-8169-2CF9A119654B}.Debug|x86.ActiveCfg = Debug|Win32
		{35ABDF2A-41FE-402A-8169-2CF9A119654B}.Debug|x86.Build.0 = Debug|Win32
		{35ABDF2A-41FE-402A-8169-2CF9A119654B}.Release|x64.ActiveCfg = Release|x64
		{35ABDF2A-41FE-402A-8169-2CF9A119654B}.Release|x64.Build.0 = Release|x64
		{35ABDF2A-41FE-402A-8169-2CF9A119654B}.Release|x86.ActiveCfg = Release|Win32
		{35ABDF2A-41FE-402A-8169-2CF9A119654B}.Release|x86.Build.0 = Release|Win32
		{9FE20573-D81C-4D14-AAA3-2B54BE122BA5}.Debug|x64.ActiveCfg = Debug|x64
		{9FE20573-D81C-4D14-AAA3-2B54BE122BA5}.Debug|x64.Build.0 = Debug|x64
		{9FE20573-D81C-4D14-AAA3-2B54BE122BA5}.Debug|x86.ActiveCfg = Debug|Win32
		{9FE20573-D81C-4D14-AAA3-2B54BE122BA5}.Debug|x86.Build.0 = Debug|Win32
		{9FE20573-D81C-4D14-AAA3-2B54BE122BA5}.Release|x64.ActiveCfg = Release|x64
		{9FE20573-D81C-4D14-AAA3-2B54BE122BA5}.Release|x64.Build.0 = Release|x64
		{9FE20573-D81C-4D14-AAA3-2B54BE122BA5}.Release|x86.ActiveCfg = Release|Win32
		{9FE20573-D81C-4D14-AAA3-2B54BE122BA5}.Release|x86.Build.0 = Release|Win32
		{933C058D-08DD-47E3-95FC-4944A7B15838}.Debug|x64.ActiveCfg = Debug|x64
		{933C058D-08DD-47E3-95FC-4944A7B15838}.Debug|x64.Build.0 = Debug|x64
		{933C058D-08DD-47E3-95FC-4944A7B15838}.Debug|x86.ActiveCfg = Debug|Win32
		{933C058D-08DD-47E3-95FC-4944A7B15838}.Debug|x86.Build.0 = Debug|Win32
		{933C058D-08DD-47E3-95FC-4944A7B15838}.Release|x64.ActiveCfg = Release|x64
		{933C058D-08DD-47E3-95FC-4944A7B15838}.Release|x64.Build.0 = Release|x64
		{933C058D-08DD-47E3-95FC-4944A7B15838}.Release|x86.ActiveCfg = Release|Win32
		{933C058D-08DD-47E3-95FC-4944A7B15838}.Release|x86.Build.0 = Release|Win32
	EndGlobalSection
	GlobalSection(SolutionProperties) = preSolution
		HideSolutionNode = FALSE
	EndGlobalSection
	GlobalSection(ExtensibilityGlobals) = postSolution
		SolutionGuid = {18E48CDF-B08C-4E84-8392-50BEBA054CD7}
	EndGlobalSection
EndGlobal
